
Microsoft Visual Studio Solution File, Format Version 12.00
# Visual Studio Version 16
VisualStudioVersion = 16.0.30114.105
MinimumVisualStudioVersion = 10.0.40219.1
Project("{FAE04EC0-301F-11D3-BF4B-00C04F79EFBC}") = "HealthEquity", "HealthEquity.csproj", "{C397055C-0799-4677-91F0-3C32B6896578}"
EndProject
Global
	GlobalSection(SolutionConfigurationPlatforms) = preSolution
		Debug|Any CPU = Debug|Any CPU
		Release|Any CPU = Release|Any CPU
	EndGlobalSection
	GlobalSection(ProjectConfigurationPlatforms) = postSolution
		{C397055C-0799-4677-91F0-3C32B6896578}.Debug|Any CPU.ActiveCfg = Debug|Any CPU
		{C397055C-0799-4677-91F0-3C32B6896578}.Debug|Any CPU.Build.0 = Debug|Any CPU
		{C397055C-0799-4677-91F0-3C32B6896578}.Release|Any CPU.ActiveCfg = Release|Any CPU
		{C397055C-0799-4677-91F0-3C32B6896578}.Release|Any CPU.Build.0 = Release|Any CPU
	EndGlobalSection
	GlobalSection(SolutionProperties) = preSolution
		HideSolutionNode = FALSE
	EndGlobalSection
	GlobalSection(ExtensibilityGlobals) = postSolution
		SolutionGuid = {23725EAA-60C9-4B08-9C0B-6C14D76A79FE}
	EndGlobalSection
EndGlobal
